github.com/kingcdavid/pkcs11 v0.0.0-20250812195559-2a0c91b60149 h1:onwT0Ap4soVGt0v8xdmBlXA1dmHN47R0ZKFL1qKJPbY=
github.com/kingcdavid/pkcs11 v0.0.0-20250812195559-2a0c91b60149/go.mod h1:84Q8SRXHMJq8D6kuwzv+yOX02y5AfbpYUeOSmbozQCU=
github.com/kingcdavid/pkcs11 v0.0.0-20250815081009-8b280cb4aee3 h1:64cE7/UTD0qkUPlzaMYDbgkG/RaQaFA/fbP8j5fTYMk=
github.com/kingcdavid/pkcs11 v0.0.0-20250815081009-8b280cb4aee3/go.mod h1:84Q8SRXHMJq8D6kuwzv+yOX02y5AfbpYUeOSmbozQCU=
github.com/kingcdavid/pkcs11 v0.0.0-20250815092723-a984a168f490 h1:w5++xlMg/WY8n0qZOOjD0bHpyiy7IZg27WzbY+uVcE0=
github.com/kingcdavid/pkcs11 v0.0.0-20250815092723-a984a168f490/go.mod h1:84Q8SRXHMJq8D6kuwzv+yOX02y5AfbpYUeOSmbozQCU=
github.com/kingcdavid/pkcs11 v0.0.0-20250815093838-466e300992e1 h1:D4AXf2AHdUc6vOf837oKlKRnRr2ZkDAHOT81n0HKxVU=
github.com/kingcdavid/pkcs11 v0.0.0-20250815093838-466e300992e1/go.mod h1:84Q8SRXHMJq8D6kuwzv+yOX02y5AfbpYUeOSmbozQCU=
github.com/kingcdavid/pkcs11 v0.0.0-20250815093959-954d1393b004 h1:bZrWp9hFvHQnzM+Bu/DwEasyHtkP4UWctClAhAiOwhI=
github.com/kingcdavid/pkcs11 v0.0.0-20250815093959-954d1393b004/go.mod h1:84Q8SRXHMJq8D6kuwzv+yOX02y5AfbpYUeOSmbozQCU=
github.com/kingcdavid/pkcs11 v0.0.0-20250815110605-7fba6fbfe64a h1:s7llS/mDmCREa11/Tw/kRzT//x9gVKRAtElblvT8CKc=
github.com/kingcdavid/pkcs11 v0.0.0-20250815110605-7fba6fbfe64a/go.mod h1:84Q8SRXHMJq8D6kuwzv+yOX02y5AfbpYUeOSmbozQCU=
github.com/kingcdavid/pkcs11 v0.0.0-20250815115238-317941c9a6ca h1:5AL/vHoxiTXVYVMr9+tiubhgvGsw/CHwoNszvnIK84I=
github.com/kingcdavid/pkcs11 v0.0.0-20250815115238-317941c9a6ca/go.mod h1:84Q8SRXHMJq8D6kuwzv+yOX02y5AfbpYUeOSmbozQCU=
github.com/kingcdavid/pkcs11 v0.0.0-20250815115447-e9c2b5969c65 h1:mIw/b153QMmR36I/lTiVZW43KOUWb9EUuQDR7Jmyoco=
github.com/kingcdavid/pkcs11 v0.0.0-20250815115447-e9c2b5969c65/go.mod h1:84Q8SRXHMJq8D6kuwzv+yOX02y5AfbpYUeOSmbozQCU=
github.com/kingcdavid/pkcs11 v0.0.0-20250815115653-cdd5babb3bba h1:YfFHjVQTRiyt/Eg507wF9o+KI1PD1wJZxEJbqEjNc8E=
github.com/kingcdavid/pkcs11 v0.0.0-20250815115653-cdd5babb3bba/go.mod h1:84Q8SRXHMJq8D6kuwzv+yOX02y5AfbpYUeOSmbozQCU=
github.com/kingcdavid/pkcs11 v0.0.0-20250815115837-5af7f994ee21 h1:DE46auq8m2emN3l2WpqwlDDSma+mu4LBu65aAtsKGes=
github.com/kingcdavid/pkcs11 v0.0.0-20250815115837-5af7f994ee21/go.mod h1:84Q8SRXHMJq8D6kuwzv+yOX02y5AfbpYUeOSmbozQCU=
github.com/kingcdavid/pkcs11 v0.0.0-20250815120026-a026291ca6a9 h1:l/qGEvQbN+T1/atX74DfVukYordFVs5t3bUZPhUqsIc=
github.com/kingcdavid/pkcs11 v0.0.0-20250815120026-a026291ca6a9/go.mod h1:84Q8SRXHMJq8D6kuwzv+yOX02y5AfbpYUeOSmbozQCU=
github.com/kingcdavid/pkcs11 v0.0.0-20250815120633-c10f30bf4cd1 h1:6LY3BDoppTFlbaMtspigXigTqVQ72TENbMGR2c4XAVE=
github.com/kingcdavid/pkcs11 v0.0.0-20250815120633-c10f30bf4cd1/go.mod h1:84Q8SRXHMJq8D6kuwzv+yOX02y5AfbpYUeOSmbozQCU=
github.com/kingcdavid/pkcs11 v0.0.0-20250815121118-153237489239 h1:oyFOVlIh2MJstpodYxIAyHdOmzLJESyLssOvG9BAPvc=
github.com/kingcdavid/pkcs11 v0.0.0-20250815121118-153237489239/go.mod h1:84Q8SRXHMJq8D6kuwzv+yOX02y5AfbpYUeOSmbozQCU=
